
Microsoft Visual Studio Solution File, Format Version 12.00
# Visual Studio Version 16
VisualStudioVersion = 16.0.30128.74
MinimumVisualStudioVersion = 10.0.40219.1
Project("{8BC9CEB8-8B4A-11D0-8D11-00A0C91BC942}") = "ProjectEuler", "ProjectEuler.vcxproj", "{F747967B-836B-4466-AFD9-92253485949B}"
EndProject
Project("{2150E333-8FDC-42A3-9474-1A3956D46DE8}") = "Solution Items", "Solution Items", "{1598BF10-A308-411B-B911-29275A1A7330}"
	ProjectSection(SolutionItems) = preProject
		README.md = README.md
	EndProjectSection
EndProject
Global
	GlobalSection(SolutionConfigurationPlatforms) = preSolution
		Debug|x64 = Debug|x64
		Debug|x86 = Debug|x86
		Release|x64 = Release|x64
		Release|x86 = Release|x86
	EndGlobalSection
	GlobalSection(ProjectConfigurationPlatforms) = postSolution
		{F747967B-836B-4466-AFD9-92253485949B}.Debug|x64.ActiveCfg = Debug|x64
		{F747967B-836B-4466-AFD9-92253485949B}.Debug|x64.Build.0 = Debug|x64
		{F747967B-836B-4466-AFD9-92253485949B}.Debug|x86.ActiveCfg = Debug|Win32
		{F747967B-836B-4466-AFD9-92253485949B}.Debug|x86.Build.0 = Debug|Win32
		{F747967B-836B-4466-AFD9-92253485949B}.Release|x64.ActiveCfg = Release|x64
		{F747967B-836B-4466-AFD9-92253485949B}.Release|x64.Build.0 = Release|x64
		{F747967B-836B-4466-AFD9-92253485949B}.Release|x86.ActiveCfg = Release|Win32
		{F747967B-836B-4466-AFD9-92253485949B}.Release|x86.Build.0 = Release|Win32
	EndGlobalSection
	GlobalSection(SolutionProperties) = preSolution
		HideSolutionNode = FALSE
	EndGlobalSection
	GlobalSection(ExtensibilityGlobals) = postSolution
		SolutionGuid = {67A1E880-7B96-4E18-B163-0A889D5A64F8}
	EndGlobalSection
EndGlobal
